
Microsoft Visual Studio Solution File, Format Version 12.00
# Visual Studio Version 17
VisualStudioVersion = 17.0.31903.59
MinimumVisualStudioVersion = 10.0.40219.1
Project("{2150E333-8FDC-42A3-9474-1A3956D46DE8}") = "src", "src", "{827E0CD3-B72D-47B6-A68D-7590B98EB39B}"
EndProject
Project("{FAE04EC0-301F-11D3-BF4B-00C04F79EFBC}") = "DataAgent.API", "src\DataAgent.API\DataAgent.API.csproj", "{D211FE2D-31DB-4091-BE59-AA970D1FBAD6}"
EndProject
Project("{FAE04EC0-301F-11D3-BF4B-00C04F79EFBC}") = "DataAgent.Application", "src\DataAgent.Application\DataAgent.Application.csproj", "{723E9C9F-A621-4520-B019-8306A2CD9EDD}"
EndProject
Project("{FAE04EC0-301F-11D3-BF4B-00C04F79EFBC}") = "DataAgent.Infrastructure", "src\DataAgent.Infrastructure\DataAgent.Infrastructure.csproj", "{433FF863-309A-4718-B233-12D8C0406CB1}"
EndProject
Project("{FAE04EC0-301F-11D3-BF4B-00C04F79EFBC}") = "DataAgent.Domain", "src\DataAgent.Domain\DataAgent.Domain.csproj", "{75B2DB92-44CD-40EC-A1B2-F1BE2F6AEB9F}"
EndProject
Project("{FAE04EC0-301F-11D3-BF4B-00C04F79EFBC}") = "DataAgent.UnitTests", "src\DataAgent.UnitTests\DataAgent.UnitTests.csproj", "{165C3862-9BF8-45F7-B87E-F736F05A3A06}"
EndProject
Project("{FAE04EC0-301F-11D3-BF4B-00C04F79EFBC}") = "DataAgent.IntegrationTests", "src\DataAgent.IntegrationTests\DataAgent.IntegrationTests.csproj", "{540EE060-B2C1-4B61-A85E-48AD7E7C26ED}"
EndProject
Global
	GlobalSection(SolutionConfigurationPlatforms) = preSolution
		Debug|Any CPU = Debug|Any CPU
		Debug|x64 = Debug|x64
		Debug|x86 = Debug|x86
		Release|Any CPU = Release|Any CPU
		Release|x64 = Release|x64
		Release|x86 = Release|x86
	EndGlobalSection
	GlobalSection(ProjectConfigurationPlatforms) = postSolution
		{D211FE2D-31DB-4091-BE59-AA970D1FBAD6}.Debug|Any CPU.ActiveCfg = Debug|Any CPU
		{D211FE2D-31DB-4091-BE59-AA970D1FBAD6}.Debug|Any CPU.Build.0 = Debug|Any CPU
		{D211FE2D-31DB-4091-BE59-AA970D1FBAD6}.Debug|x64.ActiveCfg = Debug|Any CPU
		{D211FE2D-31DB-4091-BE59-AA970D1FBAD6}.Debug|x64.Build.0 = Debug|Any CPU
		{D211FE2D-31DB-4091-BE59-AA970D1FBAD6}.Debug|x86.ActiveCfg = Debug|Any CPU
		{D211FE2D-31DB-4091-BE59-AA970D1FBAD6}.Debug|x86.Build.0 = Debug|Any CPU
		{D211FE2D-31DB-4091-BE59-AA970D1FBAD6}.Release|Any CPU.ActiveCfg = Release|Any CPU
		{D211FE2D-31DB-4091-BE59-AA970D1FBAD6}.Release|Any CPU.Build.0 = Release|Any CPU
		{D211FE2D-31DB-4091-BE59-AA970D1FBAD6}.Release|x64.ActiveCfg = Release|Any CPU
		{D211FE2D-31DB-4091-BE59-AA970D1FBAD6}.Release|x64.Build.0 = Release|Any CPU
		{D211FE2D-31DB-4091-BE59-AA970D1FBAD6}.Release|x86.ActiveCfg = Release|Any CPU
		{D211FE2D-31DB-4091-BE59-AA970D1FBAD6}.Release|x86.Build.0 = Release|Any CPU
		{723E9C9F-A621-4520-B019-8306A2CD9EDD}.Debug|Any CPU.ActiveCfg = Debug|Any CPU
		{723E9C9F-A621-4520-B019-8306A2CD9EDD}.Debug|Any CPU.Build.0 = Debug|Any CPU
		{723E9C9F-A621-4520-B019-8306A2CD9EDD}.Debug|x64.ActiveCfg = Debug|Any CPU
		{723E9C9F-A621-4520-B019-8306A2CD9EDD}.Debug|x64.Build.0 = Debug|Any CPU
		{723E9C9F-A621-4520-B019-8306A2CD9EDD}.Debug|x86.ActiveCfg = Debug|Any CPU
		{723E9C9F-A621-4520-B019-8306A2CD9EDD}.Debug|x86.Build.0 = Debug|Any CPU
		{723E9C9F-A621-4520-B019-8306A2CD9EDD}.Release|Any CPU.ActiveCfg = Release|Any CPU
		{723E9C9F-A621-4520-B019-8306A2CD9EDD}.Release|Any CPU.Build.0 = Release|Any CPU
		{723E9C9F-A621-4520-B019-8306A2CD9EDD}.Release|x64.ActiveCfg = Release|Any CPU
		{723E9C9F-A621-4520-B019-8306A2CD9EDD}.Release|x64.Build.0 = Release|Any CPU
		{723E9C9F-A621-4520-B019-8306A2CD9EDD}.Release|x86.ActiveCfg = Release|Any CPU
		{723E9C9F-A621-4520-B019-8306A2CD9EDD}.Release|x86.Build.0 = Release|Any CPU
		{433FF863-309A-4718-B233-12D8C0406CB1}.Debug|Any CPU.ActiveCfg = Debug|Any CPU
		{433FF863-309A-4718-B233-12D8C0406CB1}.Debug|Any CPU.Build.0 = Debug|Any CPU
		{433FF863-309A-4718-B233-12D8C0406CB1}.Debug|x64.ActiveCfg = Debug|Any CPU
		{433FF863-309A-4718-B233-12D8C0406CB1}.Debug|x64.Build.0 = Debug|Any CPU
		{433FF863-309A-4718-B233-12D8C0406CB1}.Debug|x86.ActiveCfg = Debug|Any CPU
		{433FF863-309A-4718-B233-12D8C0406CB1}.Debug|x86.Build.0 = Debug|Any CPU
		{433FF863-309A-4718-B233-12D8C0406CB1}.Release|Any CPU.ActiveCfg = Release|Any CPU
		{433FF863-309A-4718-B233-12D8C0406CB1}.Release|Any CPU.Build.0 = Release|Any CPU
		{433FF863-309A-4718-B233-12D8C0406CB1}.Release|x64.ActiveCfg = Release|Any CPU
		{433FF863-309A-4718-B233-12D8C0406CB1}.Release|x64.Build.0 = Release|Any CPU
		{433FF863-309A-4718-B233-12D8C0406CB1}.Release|x86.ActiveCfg = Release|Any CPU
		{433FF863-309A-4718-B233-12D8C0406CB1}.Release|x86.Build.0 = Release|Any CPU
		{75B2DB92-44CD-40EC-A1B2-F1BE2F6AEB9F}.Debug|Any CPU.ActiveCfg = Debug|Any CPU
		{75B2DB92-44CD-40EC-A1B2-F1BE2F6AEB9F}.Debug|Any CPU.Build.0 = Debug|Any CPU
		{75B2DB92-44CD-40EC-A1B2-F1BE2F6AEB9F}.Debug|x64.ActiveCfg = Debug|Any CPU
		{75B2DB92-44CD-40EC-A1B2-F1BE2F6AEB9F}.Debug|x64.Build.0 = Debug|Any CPU
		{75B2DB92-44CD-40EC-A1B2-F1BE2F6AEB9F}.Debug|x86.ActiveCfg = Debug|Any CPU
		{75B2DB92-44CD-40EC-A1B2-F1BE2F6AEB9F}.Debug|x86.Build.0 = Debug|Any CPU
		{75B2DB92-44CD-40EC-A1B2-F1BE2F6AEB9F}.Release|Any CPU.ActiveCfg = Release|Any CPU
		{75B2DB92-44CD-40EC-A1B2-F1BE2F6AEB9F}.Release|Any CPU.Build.0 = Release|Any CPU
		{75B2DB92-44CD-40EC-A1B2-F1BE2F6AEB9F}.Release|x64.ActiveCfg = Release|Any CPU
		{75B2DB92-44CD-40EC-A1B2-F1BE2F6AEB9F}.Release|x64.Build.0 = Release|Any CPU
		{75B2DB92-44CD-40EC-A1B2-F1BE2F6AEB9F}.Release|x86.ActiveCfg = Release|Any CPU
		{75B2DB92-44CD-40EC-A1B2-F1BE2F6AEB9F}.Release|x86.Build.0 = Release|Any CPU
		{165C3862-9BF8-45F7-B87E-F736F05A3A06}.Debug|Any CPU.ActiveCfg = Debug|Any CPU
		{165C3862-9BF8-45F7-B87E-F736F05A3A06}.Debug|Any CPU.Build.0 = Debug|Any CPU
		{165C3862-9BF8-45F7-B87E-F736F05A3A06}.Debug|x64.ActiveCfg = Debug|Any CPU
		{165C3862-9BF8-45F7-B87E-F736F05A3A06}.Debug|x64.Build.0 = Debug|Any CPU
		{165C3862-9BF8-45F7-B87E-F736F05A3A06}.Debug|x86.ActiveCfg = Debug|Any CPU
		{165C3862-9BF8-45F7-B87E-F736F05A3A06}.Debug|x86.Build.0 = Debug|Any CPU
		{165C3862-9BF8-45F7-B87E-F736F05A3A06}.Release|Any CPU.ActiveCfg = Release|Any CPU
		{165C3862-9BF8-45F7-B87E-F736F05A3A06}.Release|Any CPU.Build.0 = Release|Any CPU
		{165C3862-9BF8-45F7-B87E-F736F05A3A06}.Release|x64.ActiveCfg = Release|Any CPU
		{165C3862-9BF8-45F7-B87E-F736F05A3A06}.Release|x64.Build.0 = Release|Any CPU
		{165C3862-9BF8-45F7-B87E-F736F05A3A06}.Release|x86.ActiveCfg = Release|Any CPU
		{165C3862-9BF8-45F7-B87E-F736F05A3A06}.Release|x86.Build.0 = Release|Any CPU
		{540EE060-B2C1-4B61-A85E-48AD7E7C26ED}.Debug|Any CPU.ActiveCfg = Debug|Any CPU
		{540EE060-B2C1-4B61-A85E-48AD7E7C26ED}.Debug|Any CPU.Build.0 = Debug|Any CPU
		{540EE060-B2C1-4B61-A85E-48AD7E7C26ED}.Debug|x64.ActiveCfg = Debug|Any CPU
		{540EE060-B2C1-4B61-A85E-48AD7E7C26ED}.Debug|x64.Build.0 = Debug|Any CPU
		{540EE060-B2C1-4B61-A85E-48AD7E7C26ED}.Debug|x86.ActiveCfg = Debug|Any CPU
		{540EE060-B2C1-4B61-A85E-48AD7E7C26ED}.Debug|x86.Build.0 = Debug|Any CPU
		{540EE060-B2C1-4B61-A85E-48AD7E7C26ED}.Release|Any CPU.ActiveCfg = Release|Any CPU
		{540EE060-B2C1-4B61-A85E-48AD7E7C26ED}.Release|Any CPU.Build.0 = Release|Any CPU
		{540EE060-B2C1-4B61-A85E-48AD7E7C26ED}.Release|x64.ActiveCfg = Release|Any CPU
		{540EE060-B2C1-4B61-A85E-48AD7E7C26ED}.Release|x64.Build.0 = Release|Any CPU
		{540EE060-B2C1-4B61-A85E-48AD7E7C26ED}.Release|x86.ActiveCfg = Release|Any CPU
		{540EE060-B2C1-4B61-A85E-48AD7E7C26ED}.Release|x86.Build.0 = Release|Any CPU
	EndGlobalSection
	GlobalSection(SolutionProperties) = preSolution
		HideSolutionNode = FALSE
	EndGlobalSection
	GlobalSection(NestedProjects) = preSolution
		{D211FE2D-31DB-4091-BE59-AA970D1FBAD6} = {827E0CD3-B72D-47B6-A68D-7590B98EB39B}
		{723E9C9F-A621-4520-B019-8306A2CD9EDD} = {827E0CD3-B72D-47B6-A68D-7590B98EB39B}
		{433FF863-309A-4718-B233-12D8C0406CB1} = {827E0CD3-B72D-47B6-A68D-7590B98EB39B}
		{75B2DB92-44CD-40EC-A1B2-F1BE2F6AEB9F} = {827E0CD3-B72D-47B6-A68D-7590B98EB39B}
		{165C3862-9BF8-45F7-B87E-F736F05A3A06} = {827E0CD3-B72D-47B6-A68D-7590B98EB39B}
		{540EE060-B2C1-4B61-A85E-48AD7E7C26ED} = {827E0CD3-B72D-47B6-A68D-7590B98EB39B}
	EndGlobalSection
EndGlobal
